
Microsoft Visual Studio Solution File, Format Version 12.00
# Visual Studio Version 16
VisualStudioVersion = 25.0.1706.0
MinimumVisualStudioVersion = 10.0.40219.1
Project("{FAE04EC0-301F-11D3-BF4B-00C04F79EFBC}") = "UdemyExercise1", "UdemyExercise1\UdemyExercise1.csproj", "{EDC8FD17-4AC3-44ED-89DD-C052C1039177}"
EndProject
Global
	GlobalSection(SolutionConfigurationPlatforms) = preSolution
		Debug|Any CPU = Debug|Any CPU
		Release|Any CPU = Release|Any CPU
	EndGlobalSection
	GlobalSection(ProjectConfigurationPlatforms) = postSolution
		{EDC8FD17-4AC3-44ED-89DD-C052C1039177}.Debug|Any CPU.ActiveCfg = Debug|Any CPU
		{EDC8FD17-4AC3-44ED-89DD-C052C1039177}.Debug|Any CPU.Build.0 = Debug|Any CPU
		{EDC8FD17-4AC3-44ED-89DD-C052C1039177}.Release|Any CPU.ActiveCfg = Release|Any CPU
		{EDC8FD17-4AC3-44ED-89DD-C052C1039177}.Release|Any CPU.Build.0 = Release|Any CPU
	EndGlobalSection
	GlobalSection(SolutionProperties) = preSolution
		HideSolutionNode = FALSE
	EndGlobalSection
	GlobalSection(ExtensibilityGlobals) = postSolution
		SolutionGuid = {6EF8D6E1-F791-4F75-A830-9B8D4B88F9B6}
	EndGlobalSection
EndGlobal
